
Microsoft Visual Studio Solution File, Format Version 12.00
# Visual Studio Version 17
VisualStudioVersion = 17.5.33530.505
MinimumVisualStudioVersion = 10.0.40219.1
Project("{FAE04EC0-301F-11D3-BF4B-00C04F79EFBC}") = "INASOFT_3.0", "INASOFT_3.0\INASOFT_3.0.csproj", "{733538E8-F5FE-4B26-BD4A-63675E604E76}"
EndProject
Project("{54435603-DBB4-11D2-8724-00A0C9A8B90C}") = "Setup1", "Setup1\Setup1.vdproj", "{732759FF-296F-43D9-8DD8-CAEB5FC18B9B}"
EndProject
Global
	GlobalSection(SolutionConfigurationPlatforms) = preSolution
		Debug|Any CPU = Debug|Any CPU
		Release|Any CPU = Release|Any CPU
	EndGlobalSection
	GlobalSection(ProjectConfigurationPlatforms) = postSolution
		{733538E8-F5FE-4B26-BD4A-63675E604E76}.Debug|Any CPU.ActiveCfg = Debug|Any CPU
		{733538E8-F5FE-4B26-BD4A-63675E604E76}.Debug|Any CPU.Build.0 = Debug|Any CPU
		{733538E8-F5FE-4B26-BD4A-63675E604E76}.Release|Any CPU.ActiveCfg = Release|Any CPU
		{733538E8-F5FE-4B26-BD4A-63675E604E76}.Release|Any CPU.Build.0 = Release|Any CPU
		{732759FF-296F-43D9-8DD8-CAEB5FC18B9B}.Debug|Any CPU.ActiveCfg = Debug
		{732759FF-296F-43D9-8DD8-CAEB5FC18B9B}.Release|Any CPU.ActiveCfg = Release
	EndGlobalSection
	GlobalSection(SolutionProperties) = preSolution
		HideSolutionNode = FALSE
	EndGlobalSection
	GlobalSection(ExtensibilityGlobals) = postSolution
		SolutionGuid = {57BAF509-7D2D-46C2-B9D8-50AECC8D267A}
	EndGlobalSection
EndGlobal
